
Microsoft Visual Studio Solution File, Format Version 12.00
# Visual Studio Version 16
VisualStudioVersion = 16.0.31702.278
MinimumVisualStudioVersion = 10.0.40219.1
Project("{FAE04EC0-301F-11D3-BF4B-00C04F79EFBC}") = "BizzareStarHomework", "BizzareStarHomework\BizzareStarHomework.csproj", "{5B3B6871-DF19-4E9B-8969-09F48B8ABBF3}"
EndProject
Global
	GlobalSection(SolutionConfigurationPlatforms) = preSolution
		Debug|Any CPU = Debug|Any CPU
		Release|Any CPU = Release|Any CPU
	EndGlobalSection
	GlobalSection(ProjectConfigurationPlatforms) = postSolution
		{5B3B6871-DF19-4E9B-8969-09F48B8ABBF3}.Debug|Any CPU.ActiveCfg = Debug|Any CPU
		{5B3B6871-DF19-4E9B-8969-09F48B8ABBF3}.Debug|Any CPU.Build.0 = Debug|Any CPU
		{5B3B6871-DF19-4E9B-8969-09F48B8ABBF3}.Release|Any CPU.ActiveCfg = Release|Any CPU
		{5B3B6871-DF19-4E9B-8969-09F48B8ABBF3}.Release|Any CPU.Build.0 = Release|Any CPU
	EndGlobalSection
	GlobalSection(SolutionProperties) = preSolution
		HideSolutionNode = FALSE
	EndGlobalSection
	GlobalSection(ExtensibilityGlobals) = postSolution
		SolutionGuid = {50269A7E-B97F-42AF-B9B7-B0D3808430E3}
	EndGlobalSection
EndGlobal
